// !$*UTF8*$!
{
	archiveVersion = 1;
	classes = {
	};
	objectVersion = 46;
	objects = {

/* Begin PBXBuildFile section */
		8A037438165A023000CE2526 /* candle.jpeg in Resources */ = {isa = PBXBuildFile; fileRef = 8A037437165A023000CE2526 /* candle.jpeg */; };
		8A03743B165A023600CE2526 /* bottle.jpeg in Resources */ = {isa = PBXBuildFile; fileRef = 8A03743A165A023600CE2526 /* bottle.jpeg */; };
		8A037444165A038700CE2526 /* pad.jpeg in Resources */ = {isa = PBXBuildFile; fileRef = 8A03743C165A038700CE2526 /* pad.jpeg */; };
		8A037445165A038700CE2526 /* hat.jpeg in Resources */ = {isa = PBXBuildFile; fileRef = 8A03743D165A038700CE2526 /* hat.jpeg */; };
		8A037446165A038700CE2526 /* pencil.jpeg in Resources */ = {isa = PBXBuildFile; fileRef = 8A03743E165A038700CE2526 /* pencil.jpeg */; };
		8A037447165A038700CE2526 /* pen.jpeg in Resources */ = {isa = PBXBuildFile; fileRef = 8A03743F165A038700CE2526 /* pen.jpeg */; };
		8A037448165A038700CE2526 /* newspaper.jpeg in Resources */ = {isa = PBXBuildFile; fileRef = 8A037440165A038700CE2526 /* newspaper.jpeg */; };
		8A037449165A038700CE2526 /* cal.jpeg in Resources */ = {isa = PBXBuildFile; fileRef = 8A037441165A038700CE2526 /* cal.jpeg */; };
		8A03744A165A038700CE2526 /* bag.jpeg in Resources */ = {isa = PBXBuildFile; fileRef = 8A037442165A038700CE2526 /* bag.jpeg */; };
		8A03744B165A038700CE2526 /* mobile.jpeg in Resources */ = {isa = PBXBuildFile; fileRef = 8A037443165A038700CE2526 /* mobile.jpeg */; };
		8A053F1B16886AA200664D01 /* espeak-data in Resources */ = {isa = PBXBuildFile; fileRef = 8A053F1A16886AA200664D01 /* espeak-data */; };
		8A2441BE1667647100A25B9F /* newspaper1.jpeg in Resources */ = {isa = PBXBuildFile; fileRef = 8A2441BD1667647100A25B9F /* newspaper1.jpeg */; };
		8A2441C01667648400A25B9F /* pen1.jpeg in Resources */ = {isa = PBXBuildFile; fileRef = 8A2441BF1667648400A25B9F /* pen1.jpeg */; };
		8A2441C21667649000A25B9F /* pencil1.jpeg in Resources */ = {isa = PBXBuildFile; fileRef = 8A2441C11667649000A25B9F /* pencil1.jpeg */; };
		8A2441C4166764A000A25B9F /* hat1.jpeg in Resources */ = {isa = PBXBuildFile; fileRef = 8A2441C3166764A000A25B9F /* hat1.jpeg */; };
		8A2441C6166764AF00A25B9F /* pad1.jpeg in Resources */ = {isa = PBXBuildFile; fileRef = 8A2441C5166764AF00A25B9F /* pad1.jpeg */; };
		8A2441C8166764C800A25B9F /* cal1.jpeg in Resources */ = {isa = PBXBuildFile; fileRef = 8A2441C7166764C800A25B9F /* cal1.jpeg */; };
		8A2441CA166764D500A25B9F /* mobile1.jpeg in Resources */ = {isa = PBXBuildFile; fileRef = 8A2441C9166764D500A25B9F /* mobile1.jpeg */; };
		8A2441CC166764E200A25B9F /* bag1.jpeg in Resources */ = {isa = PBXBuildFile; fileRef = 8A2441CB166764E200A25B9F /* bag1.jpeg */; };
		8A2441CE166764EF00A25B9F /* candle1.jpeg in Resources */ = {isa = PBXBuildFile; fileRef = 8A2441CD166764EF00A25B9F /* candle1.jpeg */; };
		8A2441D0166764FE00A25B9F /* flower1.jpeg in Resources */ = {isa = PBXBuildFile; fileRef = 8A2441CF166764FE00A25B9F /* flower1.jpeg */; };
		8A2441D21667650800A25B9F /* rose1.jpeg in Resources */ = {isa = PBXBuildFile; fileRef = 8A2441D11667650800A25B9F /* rose1.jpeg */; };
		8A2441D41667651600A25B9F /* bottle1.jpeg in Resources */ = {isa = PBXBuildFile; fileRef = 8A2441D31667651600A25B9F /* bottle1.jpeg */; };
		8A2441D61667651D00A25B9F /* ball1.jpeg in Resources */ = {isa = PBXBuildFile; fileRef = 8A2441D51667651D00A25B9F /* ball1.jpeg */; };
		8A2441D91667675600A25B9F /* newspaper2.jpeg in Resources */ = {isa = PBXBuildFile; fileRef = 8A2441D81667675600A25B9F /* newspaper2.jpeg */; };
		8A2441DB1667677100A25B9F /* pen2.jpeg in Resources */ = {isa = PBXBuildFile; fileRef = 8A2441DA1667677100A25B9F /* pen2.jpeg */; };
		8A2441DD1667677D00A25B9F /* pencil2.jpeg in Resources */ = {isa = PBXBuildFile; fileRef = 8A2441DC1667677C00A25B9F /* pencil2.jpeg */; };
		8A2441DF1667679100A25B9F /* hat2.jpeg in Resources */ = {isa = PBXBuildFile; fileRef = 8A2441DE1667679100A25B9F /* hat2.jpeg */; };
		8A2441E1166767A500A25B9F /* pad2.jpeg in Resources */ = {isa = PBXBuildFile; fileRef = 8A2441E0166767A500A25B9F /* pad2.jpeg */; };
		8A2441E5166767D300A25B9F /* cal2.jpeg in Resources */ = {isa = PBXBuildFile; fileRef = 8A2441E4166767D300A25B9F /* cal2.jpeg */; };
		8A2441E7166767DB00A25B9F /* mobile2.jpeg in Resources */ = {isa = PBXBuildFile; fileRef = 8A2441E6166767DB00A25B9F /* mobile2.jpeg */; };
		8A2441E9166767E900A25B9F /* bag2.jpeg in Resources */ = {isa = PBXBuildFile; fileRef = 8A2441E8166767E900A25B9F /* bag2.jpeg */; };
		8A2441EB166767F300A25B9F /* candle2.jpeg in Resources */ = {isa = PBXBuildFile; fileRef = 8A2441EA166767F300A25B9F /* candle2.jpeg */; };
		8A2441ED166767FE00A25B9F /* rose2.jpeg in Resources */ = {isa = PBXBuildFile; fileRef = 8A2441EC166767FE00A25B9F /* rose2.jpeg */; };
		8A2441EF1667680E00A25B9F /* flower2.jpeg in Resources */ = {isa = PBXBuildFile; fileRef = 8A2441EE1667680E00A25B9F /* flower2.jpeg */; };
		8A2441F11667681C00A25B9F /* bottle2.jpeg in Resources */ = {isa = PBXBuildFile; fileRef = 8A2441F01667681C00A25B9F /* bottle2.jpeg */; };
		8A2441F31667682400A25B9F /* ball2.jpeg in Resources */ = {isa = PBXBuildFile; fileRef = 8A2441F21667682400A25B9F /* ball2.jpeg */; };
		8A2441F516676B1A00A25B9F /* qmark.jpeg in Resources */ = {isa = PBXBuildFile; fileRef = 8A2441F416676B1800A25B9F /* qmark.jpeg */; };
		8A271D341680AF7B00DFD475 /* default.png in Resources */ = {isa = PBXBuildFile; fileRef = 8A271D331680AF7B00DFD475 /* default.png */; };
		8A2B826516943E0400146CB0 /* apple.jpeg in Resources */ = {isa = PBXBuildFile; fileRef = 8A2B826416943E0400146CB0 /* apple.jpeg */; };
		8A2B826716943E1900146CB0 /* apple1.jpeg in Resources */ = {isa = PBXBuildFile; fileRef = 8A2B826616943E1900146CB0 /* apple1.jpeg */; };
		8A2B826916943E2700146CB0 /* apple2.jpeg in Resources */ = {isa = PBXBuildFile; fileRef = 8A2B826816943E2700146CB0 /* apple2.jpeg */; };
		8A2B826B16943EB100146CB0 /* banana.jpeg in Resources */ = {isa = PBXBuildFile; fileRef = 8A2B826A16943EB100146CB0 /* banana.jpeg */; };
		8A2B826D16943EB800146CB0 /* banana1.jpeg in Resources */ = {isa = PBXBuildFile; fileRef = 8A2B826C16943EB800146CB0 /* banana1.jpeg */; };
		8A2B826F16943EC300146CB0 /* banana2.jpeg in Resources */ = {isa = PBXBuildFile; fileRef = 8A2B826E16943EC300146CB0 /* banana2.jpeg */; };
		8A2B82711694400500146CB0 /* bulb.jpeg in Resources */ = {isa = PBXBuildFile; fileRef = 8A2B82701694400500146CB0 /* bulb.jpeg */; };
		8A2B82731694402A00146CB0 /* bulb1.jpeg in Resources */ = {isa = PBXBuildFile; fileRef = 8A2B82721694402A00146CB0 /* bulb1.jpeg */; };
		8A2B82751694404E00146CB0 /* bulb2.jpeg in Resources */ = {isa = PBXBuildFile; fileRef = 8A2B82741694404E00146CB0 /* bulb2.jpeg */; };
		8A2B82771694410D00146CB0 /* cat.jpeg in Resources */ = {isa = PBXBuildFile; fileRef = 8A2B82761694410D00146CB0 /* cat.jpeg */; };
		8A2B82791694414600146CB0 /* cat1.jpeg in Resources */ = {isa = PBXBuildFile; fileRef = 8A2B82781694414600146CB0 /* cat1.jpeg */; };
		8A2B827B1694415800146CB0 /* cat2.jpeg in Resources */ = {isa = PBXBuildFile; fileRef = 8A2B827A1694415800146CB0 /* cat2.jpeg */; };
		8A2B827D169441D900146CB0 /* eye.jpeg in Resources */ = {isa = PBXBuildFile; fileRef = 8A2B827C169441D900146CB0 /* eye.jpeg */; };
		8A2B827F169441E400146CB0 /* eye1.jpeg in Resources */ = {isa = PBXBuildFile; fileRef = 8A2B827E169441E400146CB0 /* eye1.jpeg */; };
		8A2B82811694420700146CB0 /* eye2.jpeg in Resources */ = {isa = PBXBuildFile; fileRef = 8A2B82801694420700146CB0 /* eye2.jpeg */; };
		8A2B8283169442AC00146CB0 /* key.jpeg in Resources */ = {isa = PBXBuildFile; fileRef = 8A2B8282169442AC00146CB0 /* key.jpeg */; };
		8A2B8285169442B400146CB0 /* key1.jpeg in Resources */ = {isa = PBXBuildFile; fileRef = 8A2B8284169442B400146CB0 /* key1.jpeg */; };
		8A2B8287169442F000146CB0 /* key2.jpeg in Resources */ = {isa = PBXBuildFile; fileRef = 8A2B8286169442F000146CB0 /* key2.jpeg */; };
		8A2B82891694437C00146CB0 /* rat.jpeg in Resources */ = {isa = PBXBuildFile; fileRef = 8A2B82881694437C00146CB0 /* rat.jpeg */; };
		8A2B828B1694438400146CB0 /* rat1.jpeg in Resources */ = {isa = PBXBuildFile; fileRef = 8A2B828A1694438400146CB0 /* rat1.jpeg */; };
		8A2B828D1694438B00146CB0 /* rat2.jpeg in Resources */ = {isa = PBXBuildFile; fileRef = 8A2B828C1694438B00146CB0 /* rat2.jpeg */; };
		8A2B828F169443F200146CB0 /* shoe.jpeg in Resources */ = {isa = PBXBuildFile; fileRef = 8A2B828E169443F200146CB0 /* shoe.jpeg */; };
		8A2B8291169443F900146CB0 /* shoe1.jpeg in Resources */ = {isa = PBXBuildFile; fileRef = 8A2B8290169443F900146CB0 /* shoe1.jpeg */; };
		8A2B82931694441400146CB0 /* shoe2.jpeg in Resources */ = {isa = PBXBuildFile; fileRef = 8A2B82921694441400146CB0 /* shoe2.jpeg */; };
		8A2E58B21650F1F80066BB75 /* namesLabel.jpg in Resources */ = {isa = PBXBuildFile; fileRef = 8A2E58B11650F1F80066BB75 /* namesLabel.jpg */; };
		8A380EAD167602FA00262EB0 /* HSSingletonClass.m in Sources */ = {isa = PBXBuildFile; fileRef = 8A380EAC167602FA00262EB0 /* HSSingletonClass.m */; };
		8A83371F164AA3D500824C40 /* UIKit.framework in Frameworks */ = {isa = PBXBuildFile; fileRef = 8A83371E164AA3D500824C40 /* UIKit.framework */; };
		8A833721164AA3D500824C40 /* Foundation.framework in Frameworks */ = {isa = PBXBuildFile; fileRef = 8A833720164AA3D500824C40 /* Foundation.framework */; };
		8A833723164AA3D500824C40 /* CoreGraphics.framework in Frameworks */ = {isa = PBXBuildFile; fileRef = 8A833722164AA3D500824C40 /* CoreGraphics.framework */; };
		8A833729164AA3D500824C40 /* InfoPlist.strings in Resources */ = {isa = PBXBuildFile; fileRef = 8A833727164AA3D500824C40 /* InfoPlist.strings */; };
		8A83372B164AA3D500824C40 /* main.m in Sources */ = {isa = PBXBuildFile; fileRef = 8A83372A164AA3D500824C40 /* main.m */; };
		8A83372F164AA3D500824C40 /* HSAppDelegate.m in Sources */ = {isa = PBXBuildFile; fileRef = 8A83372E164AA3D500824C40 /* HSAppDelegate.m */; };
		8A83373A164AA3F600824C40 /* HSViewController.m in Sources */ = {isa = PBXBuildFile; fileRef = 8A833736164AA3F600824C40 /* HSViewController.m */; };
		8A83373C164AA3F600824C40 /* DirectStoryViewController.m in Sources */ = {isa = PBXBuildFile; fileRef = 8A833739164AA3F600824C40 /* DirectStoryViewController.m */; };
		8A833747164AA40700824C40 /* dining.jpeg in Resources */ = {isa = PBXBuildFile; fileRef = 8A83373D164AA40700824C40 /* dining.jpeg */; };
		8A833748164AA40700824C40 /* Vishnu.jpg in Resources */ = {isa = PBXBuildFile; fileRef = 8A83373E164AA40700824C40 /* Vishnu.jpg */; };
		8A833749164AA40700824C40 /* god.jpg in Resources */ = {isa = PBXBuildFile; fileRef = 8A83373F164AA40700824C40 /* god.jpg */; };
		8A83374A164AA40700824C40 /* amma.jpg in Resources */ = {isa = PBXBuildFile; fileRef = 8A833740164AA40700824C40 /* amma.jpg */; };
		8A83374B164AA40700824C40 /* large-frame.png in Resources */ = {isa = PBXBuildFile; fileRef = 8A833741164AA40700824C40 /* large-frame.png */; };
		8A83374D164AA40700824C40 /* Sairam.jpg in Resources */ = {isa = PBXBuildFile; fileRef = 8A833743164AA40700824C40 /* Sairam.jpg */; };
		8A83374E164AA40700824C40 /* ball.jpeg in Resources */ = {isa = PBXBuildFile; fileRef = 8A833744164AA40700824C40 /* ball.jpeg */; };
		8A83374F164AA40700824C40 /* flower.jpeg in Resources */ = {isa = PBXBuildFile; fileRef = 8A833745164AA40700824C40 /* flower.jpeg */; };
		8A833750164AA40700824C40 /* rose.jpeg in Resources */ = {isa = PBXBuildFile; fileRef = 8A833746164AA40700824C40 /* rose.jpeg */; };
		8AB07B4B167F21C600095A21 /* QuartzCore.framework in Frameworks */ = {isa = PBXBuildFile; fileRef = 8AB07B48167F21BD00095A21 /* QuartzCore.framework */; };
		8AB07B51167F463200095A21 /* icon.png in Resources */ = {isa = PBXBuildFile; fileRef = 8AB07B50167F463200095A21 /* icon.png */; };
		8AFD708E16673F7E0061EC20 /* Images.plist in Resources */ = {isa = PBXBuildFile; fileRef = 8AFD708D16673F7E0061EC20 /* Images.plist */; };
		9A3A51A516561A1000EDA600 /* help.jpeg in Resources */ = {isa = PBXBuildFile; fileRef = 9A3A51A416561A1000EDA600 /* help.jpeg */; };
		9A3A51AC1656253600EDA600 /* CustomBadge.m in Sources */ = {isa = PBXBuildFile; fileRef = 9A3A51AB1656229100EDA600 /* CustomBadge.m */; };
		9A3A51B01656290B00EDA600 /* HSViewController.xib in Resources */ = {isa = PBXBuildFile; fileRef = 9A3A51AF1656290B00EDA600 /* HSViewController.xib */; };
/* End PBXBuildFile section */

/* Begin PBXContainerItemProxy section */
		8A053F15168869DA00664D01 /* PBXContainerItemProxy */ = {
			isa = PBXContainerItemProxy;
			containerPortal = 8A053F0C168869D900664D01 /* eSpeak.xcodeproj */;
			proxyType = 2;
			remoteGlobalIDString = D2AAC07E0554694100DB518D;
			remoteInfo = eSpeak;
		};
		8A053F17168869DA00664D01 /* PBXContainerItemProxy */ = {
			isa = PBXContainerItemProxy;
			containerPortal = 8A053F0C168869D900664D01 /* eSpeak.xcodeproj */;
			proxyType = 2;
			remoteGlobalIDString = C95FD76D1224230300219626;
			remoteInfo = TestApp;
		};
/* End PBXContainerItemProxy section */

/* Begin PBXFileReference section */
		8A037437165A023000CE2526 /* candle.jpeg */ = {isa = PBXFileReference; lastKnownFileType = image.jpeg; path = candle.jpeg; sourceTree = "<group>"; };
		8A03743A165A023600CE2526 /* bottle.jpeg */ = {isa = PBXFileReference; lastKnownFileType = image.jpeg; path = bottle.jpeg; sourceTree = "<group>"; };
		8A03743C165A038700CE2526 /* pad.jpeg */ = {isa = PBXFileReference; lastKnownFileType = image.jpeg; path = pad.jpeg; sourceTree = "<group>"; };
		8A03743D165A038700CE2526 /* hat.jpeg */ = {isa = PBXFileReference; lastKnownFileType = image.jpeg; path = hat.jpeg; sourceTree = "<group>"; };
		8A03743E165A038700CE2526 /* pencil.jpeg */ = {isa = PBXFileReference; lastKnownFileType = image.jpeg; path = pencil.jpeg; sourceTree = "<group>"; };
		8A03743F165A038700CE2526 /* pen.jpeg */ = {isa = PBXFileReference; lastKnownFileType = image.jpeg; path = pen.jpeg; sourceTree = "<group>"; };
		8A037440165A038700CE2526 /* newspaper.jpeg */ = {isa = PBXFileReference; lastKnownFileType = image.jpeg; path = newspaper.jpeg; sourceTree = "<group>"; };
		8A037441165A038700CE2526 /* cal.jpeg */ = {isa = PBXFileReference; lastKnownFileType = image.jpeg; path = cal.jpeg; sourceTree = "<group>"; };
		8A037442165A038700CE2526 /* bag.jpeg */ = {isa = PBXFileReference; lastKnownFileType = image.jpeg; path = bag.jpeg; sourceTree = "<group>"; };
		8A037443165A038700CE2526 /* mobile.jpeg */ = {isa = PBXFileReference; lastKnownFileType = image.jpeg; path = mobile.jpeg; sourceTree = "<group>"; };
		8A053F0C168869D900664D01 /* eSpeak.xcodeproj */ = {isa = PBXFileReference; lastKnownFileType = "wrapper.pb-project"; name = eSpeak.xcodeproj; path = eSpeak_1.0/eSpeak.xcodeproj; sourceTree = SOURCE_ROOT; };
		8A053F1A16886AA200664D01 /* espeak-data */ = {isa = PBXFileReference; lastKnownFileType = folder; name = "espeak-data"; path = "../eSpeak_1.0/Libraries/espeak-data"; sourceTree = "<group>"; };
		8A2441BD1667647100A25B9F /* newspaper1.jpeg */ = {isa = PBXFileReference; lastKnownFileType = image.jpeg; path = newspaper1.jpeg; sourceTree = "<group>"; };
		8A2441BF1667648400A25B9F /* pen1.jpeg */ = {isa = PBXFileReference; lastKnownFileType = image.jpeg; path = pen1.jpeg; sourceTree = "<group>"; };
		8A2441C11667649000A25B9F /* pencil1.jpeg */ = {isa = PBXFileReference; lastKnownFileType = image.jpeg; path = pencil1.jpeg; sourceTree = "<group>"; };
		8A2441C3166764A000A25B9F /* hat1.jpeg */ = {isa = PBXFileReference; lastKnownFileType = image.jpeg; path = hat1.jpeg; sourceTree = "<group>"; };
		8A2441C5166764AF00A25B9F /* pad1.jpeg */ = {isa = PBXFileReference; lastKnownFileType = image.jpeg; path = pad1.jpeg; sourceTree = "<group>"; };
		8A2441C7166764C800A25B9F /* cal1.jpeg */ = {isa = PBXFileReference; lastKnownFileType = image.jpeg; path = cal1.jpeg; sourceTree = "<group>"; };
		8A2441C9166764D500A25B9F /* mobile1.jpeg */ = {isa = PBXFileReference; lastKnownFileType = image.jpeg; path = mobile1.jpeg; sourceTree = "<group>"; };
		8A2441CB166764E200A25B9F /* bag1.jpeg */ = {isa = PBXFileReference; lastKnownFileType = image.jpeg; path = bag1.jpeg; sourceTree = "<group>"; };
		8A2441CD166764EF00A25B9F /* candle1.jpeg */ = {isa = PBXFileReference; lastKnownFileType = image.jpeg; path = candle1.jpeg; sourceTree = "<group>"; };
		8A2441CF166764FE00A25B9F /* flower1.jpeg */ = {isa = PBXFileReference; lastKnownFileType = image.jpeg; path = flower1.jpeg; sourceTree = "<group>"; };
		8A2441D11667650800A25B9F /* rose1.jpeg */ = {isa = PBXFileReference; lastKnownFileType = image.jpeg; path = rose1.jpeg; sourceTree = "<group>"; };
		8A2441D31667651600A25B9F /* bottle1.jpeg */ = {isa = PBXFileReference; lastKnownFileType = image.jpeg; path = bottle1.jpeg; sourceTree = "<group>"; };
		8A2441D51667651D00A25B9F /* ball1.jpeg */ = {isa = PBXFileReference; lastKnownFileType = image.jpeg; path = ball1.jpeg; sourceTree = "<group>"; };
		8A2441D81667675600A25B9F /* newspaper2.jpeg */ = {isa = PBXFileReference; lastKnownFileType = image.jpeg; path = newspaper2.jpeg; sourceTree = "<group>"; };
		8A2441DA1667677100A25B9F /* pen2.jpeg */ = {isa = PBXFileReference; lastKnownFileType = image.jpeg; path = pen2.jpeg; sourceTree = "<group>"; };
		8A2441DC1667677C00A25B9F /* pencil2.jpeg */ = {isa = PBXFileReference; lastKnownFileType = image.jpeg; path = pencil2.jpeg; sourceTree = "<group>"; };
		8A2441DE1667679100A25B9F /* hat2.jpeg */ = {isa = PBXFileReference; lastKnownFileType = image.jpeg; path = hat2.jpeg; sourceTree = "<group>"; };
		8A2441E0166767A500A25B9F /* pad2.jpeg */ = {isa = PBXFileReference; lastKnownFileType = image.jpeg; path = pad2.jpeg; sourceTree = "<group>"; };
		8A2441E4166767D300A25B9F /* cal2.jpeg */ = {isa = PBXFileReference; lastKnownFileType = image.jpeg; path = cal2.jpeg; sourceTree = "<group>"; };
		8A2441E6166767DB00A25B9F /* mobile2.jpeg */ = {isa = PBXFileReference; lastKnownFileType = image.jpeg; path = mobile2.jpeg; sourceTree = "<group>"; };
		8A2441E8166767E900A25B9F /* bag2.jpeg */ = {isa = PBXFileReference; lastKnownFileType = image.jpeg; path = bag2.jpeg; sourceTree = "<group>"; };
		8A2441EA166767F300A25B9F /* candle2.jpeg */ = {isa = PBXFileReference; lastKnownFileType = image.jpeg; path = candle2.jpeg; sourceTree = "<group>"; };
		8A2441EC166767FE00A25B9F /* rose2.jpeg */ = {isa = PBXFileReference; lastKnownFileType = image.jpeg; path = rose2.jpeg; sourceTree = "<group>"; };
		8A2441EE1667680E00A25B9F /* flower2.jpeg */ = {isa = PBXFileReference; lastKnownFileType = image.jpeg; path = flower2.jpeg; sourceTree = "<group>"; };
		8A2441F01667681C00A25B9F /* bottle2.jpeg */ = {isa = PBXFileReference; lastKnownFileType = image.jpeg; path = bottle2.jpeg; sourceTree = "<group>"; };
		8A2441F21667682400A25B9F /* ball2.jpeg */ = {isa = PBXFileReference; lastKnownFileType = image.jpeg; path = ball2.jpeg; sourceTree = "<group>"; };
		8A2441F416676B1800A25B9F /* qmark.jpeg */ = {isa = PBXFileReference; lastKnownFileType = image.jpeg; path = qmark.jpeg; sourceTree = "<group>"; };
		8A271D331680AF7B00DFD475 /* default.png */ = {isa = PBXFileReference; lastKnownFileType = image.png; path = default.png; sourceTree = "<group>"; };
		8A2B826416943E0400146CB0 /* apple.jpeg */ = {isa = PBXFileReference; lastKnownFileType = image.jpeg; path = apple.jpeg; sourceTree = "<group>"; };
		8A2B826616943E1900146CB0 /* apple1.jpeg */ = {isa = PBXFileReference; lastKnownFileType = image.jpeg; path = apple1.jpeg; sourceTree = "<group>"; };
		8A2B826816943E2700146CB0 /* apple2.jpeg */ = {isa = PBXFileReference; lastKnownFileType = image.jpeg; path = apple2.jpeg; sourceTree = "<group>"; };
		8A2B826A16943EB100146CB0 /* banana.jpeg */ = {isa = PBXFileReference; lastKnownFileType = image.jpeg; path = banana.jpeg; sourceTree = "<group>"; };
		8A2B826C16943EB800146CB0 /* banana1.jpeg */ = {isa = PBXFileReference; lastKnownFileType = image.jpeg; path = banana1.jpeg; sourceTree = "<group>"; };
		8A2B826E16943EC300146CB0 /* banana2.jpeg */ = {isa = PBXFileReference; lastKnownFileType = image.jpeg; path = banana2.jpeg; sourceTree = "<group>"; };
		8A2B82701694400500146CB0 /* bulb.jpeg */ = {isa = PBXFileReference; lastKnownFileType = image.jpeg; path = bulb.jpeg; sourceTree = "<group>"; };
		8A2B82721694402A00146CB0 /* bulb1.jpeg */ = {isa = PBXFileReference; lastKnownFileType = image.jpeg; path = bulb1.jpeg; sourceTree = "<group>"; };
		8A2B82741694404E00146CB0 /* bulb2.jpeg */ = {isa = PBXFileReference; lastKnownFileType = image.jpeg; path = bulb2.jpeg; sourceTree = "<group>"; };
		8A2B82761694410D00146CB0 /* cat.jpeg */ = {isa = PBXFileReference; lastKnownFileType = image.jpeg; path = cat.jpeg; sourceTree = "<group>"; };
		8A2B82781694414600146CB0 /* cat1.jpeg */ = {isa = PBXFileReference; lastKnownFileType = image.jpeg; path = cat1.jpeg; sourceTree = "<group>"; };
		8A2B827A1694415800146CB0 /* cat2.jpeg */ = {isa = PBXFileReference; lastKnownFileType = image.jpeg; path = cat2.jpeg; sourceTree = "<group>"; };
		8A2B827C169441D900146CB0 /* eye.jpeg */ = {isa = PBXFileReference; lastKnownFileType = image.jpeg; path = eye.jpeg; sourceTree = "<group>"; };
		8A2B827E169441E400146CB0 /* eye1.jpeg */ = {isa = PBXFileReference; lastKnownFileType = image.jpeg; path = eye1.jpeg; sourceTree = "<group>"; };
		8A2B82801694420700146CB0 /* eye2.jpeg */ = {isa = PBXFileReference; lastKnownFileType = image.jpeg; path = eye2.jpeg; sourceTree = "<group>"; };
		8A2B8282169442AC00146CB0 /* key.jpeg */ = {isa = PBXFileReference; lastKnownFileType = image.jpeg; path = key.jpeg; sourceTree = "<group>"; };
		8A2B8284169442B400146CB0 /* key1.jpeg */ = {isa = PBXFileReference; lastKnownFileType = image.jpeg; path = key1.jpeg; sourceTree = "<group>"; };
		8A2B8286169442F000146CB0 /* key2.jpeg */ = {isa = PBXFileReference; lastKnownFileType = image.jpeg; path = key2.jpeg; sourceTree = "<group>"; };
		8A2B82881694437C00146CB0 /* rat.jpeg */ = {isa = PBXFileReference; lastKnownFileType = image.jpeg; path = rat.jpeg; sourceTree = "<group>"; };
		8A2B828A1694438400146CB0 /* rat1.jpeg */ = {isa = PBXFileReference; lastKnownFileType = image.jpeg; path = rat1.jpeg; sourceTree = "<group>"; };
		8A2B828C1694438B00146CB0 /* rat2.jpeg */ = {isa = PBXFileReference; lastKnownFileType = image.jpeg; path = rat2.jpeg; sourceTree = "<group>"; };
		8A2B828E169443F200146CB0 /* shoe.jpeg */ = {isa = PBXFileReference; lastKnownFileType = image.jpeg; path = shoe.jpeg; sourceTree = "<group>"; };
		8A2B8290169443F900146CB0 /* shoe1.jpeg */ = {isa = PBXFileReference; lastKnownFileType = image.jpeg; path = shoe1.jpeg; sourceTree = "<group>"; };
		8A2B82921694441400146CB0 /* shoe2.jpeg */ = {isa = PBXFileReference; lastKnownFileType = image.jpeg; path = shoe2.jpeg; sourceTree = "<group>"; };
		8A2E58B11650F1F80066BB75 /* namesLabel.jpg */ = {isa = PBXFileReference; lastKnownFileType = image.jpeg; path = namesLabel.jpg; sourceTree = "<group>"; };
		8A380EAB167602FA00262EB0 /* HSSingletonClass.h */ = {isa = PBXFileReference; fileEncoding = 4; lastKnownFileType = sourcecode.c.h; path = HSSingletonClass.h; sourceTree = "<group>"; };
		8A380EAC167602FA00262EB0 /* HSSingletonClass.m */ = {isa = PBXFileReference; fileEncoding = 4; lastKnownFileType = sourcecode.c.objc; path = HSSingletonClass.m; sourceTree = "<group>"; };
		8A83371A164AA3D500824C40 /* Explore.app */ = {isa = PBXFileReference; explicitFileType = wrapper.application; includeInIndex = 0; path = Explore.app; sourceTree = BUILT_PRODUCTS_DIR; };
		8A83371E164AA3D500824C40 /* UIKit.framework */ = {isa = PBXFileReference; lastKnownFileType = wrapper.framework; name = UIKit.framework; path = System/Library/Frameworks/UIKit.framework; sourceTree = SDKROOT; };
		8A833720164AA3D500824C40 /* Foundation.framework */ = {isa = PBXFileReference; lastKnownFileType = wrapper.framework; name = Foundation.framework; path = System/Library/Frameworks/Foundation.framework; sourceTree = SDKROOT; };
		8A833722164AA3D500824C40 /* CoreGraphics.framework */ = {isa = PBXFileReference; lastKnownFileType = wrapper.framework; name = CoreGraphics.framework; path = System/Library/Frameworks/CoreGraphics.framework; sourceTree = SDKROOT; };
		8A833726164AA3D500824C40 /* Explore-Info.plist */ = {isa = PBXFileReference; lastKnownFileType = text.plist.xml; path = "Explore-Info.plist"; sourceTree = "<group>"; };
		8A833728164AA3D500824C40 /* en */ = {isa = PBXFileReference; lastKnownFileType = text.plist.strings; name = en; path = en.lproj/InfoPlist.strings; sourceTree = "<group>"; };
		8A83372A164AA3D500824C40 /* main.m */ = {isa = PBXFileReference; lastKnownFileType = sourcecode.c.objc; path = main.m; sourceTree = "<group>"; };
		8A83372C164AA3D500824C40 /* Explore-Prefix.pch */ = {isa = PBXFileReference; lastKnownFileType = sourcecode.c.h; path = "Explore-Prefix.pch"; sourceTree = "<group>"; };
		8A83372D164AA3D500824C40 /* HSAppDelegate.h */ = {isa = PBXFileReference; lastKnownFileType = sourcecode.c.h; path = HSAppDelegate.h; sourceTree = "<group>"; };
		8A83372E164AA3D500824C40 /* HSAppDelegate.m */ = {isa = PBXFileReference; lastKnownFileType = sourcecode.c.objc; path = HSAppDelegate.m; sourceTree = "<group>"; };
		8A833735164AA3F600824C40 /* HSViewController.h */ = {isa = PBXFileReference; fileEncoding = 4; lastKnownFileType = sourcecode.c.h; path = HSViewController.h; sourceTree = "<group>"; };
		8A833736164AA3F600824C40 /* HSViewController.m */ = {isa = PBXFileReference; fileEncoding = 4; lastKnownFileType = sourcecode.c.objc; path = HSViewController.m; sourceTree = "<group>"; };
		8A833738164AA3F600824C40 /* DirectStoryViewController.h */ = {isa = PBXFileReference; fileEncoding = 4; lastKnownFileType = sourcecode.c.h; path = DirectStoryViewController.h; sourceTree = "<group>"; };
		8A833739164AA3F600824C40 /* DirectStoryViewController.m */ = {isa = PBXFileReference; fileEncoding = 4; lastKnownFileType = sourcecode.c.objc; path = DirectStoryViewController.m; sourceTree = "<group>"; };
		8A83373D164AA40700824C40 /* dining.jpeg */ = {isa = PBXFileReference; lastKnownFileType = image.jpeg; path = dining.jpeg; sourceTree = "<group>"; };
		8A83373E164AA40700824C40 /* Vishnu.jpg */ = {isa = PBXFileReference; lastKnownFileType = image.jpeg; path = Vishnu.jpg; sourceTree = "<group>"; };
		8A83373F164AA40700824C40 /* god.jpg */ = {isa = PBXFileReference; lastKnownFileType = image.jpeg; path = god.jpg; sourceTree = "<group>"; };
		8A833740164AA40700824C40 /* amma.jpg */ = {isa = PBXFileReference; lastKnownFileType = image.jpeg; path = amma.jpg; sourceTree = "<group>"; };
		8A833741164AA40700824C40 /* large-frame.png */ = {isa = PBXFileReference; lastKnownFileType = image.png; path = "large-frame.png"; sourceTree = "<group>"; };
		8A833743164AA40700824C40 /* Sairam.jpg */ = {isa = PBXFileReference; lastKnownFileType = image.jpeg; path = Sairam.jpg; sourceTree = "<group>"; };
		8A833744164AA40700824C40 /* ball.jpeg */ = {isa = PBXFileReference; lastKnownFileType = image.jpeg; path = ball.jpeg; sourceTree = "<group>"; };
		8A833745164AA40700824C40 /* flower.jpeg */ = {isa = PBXFileReference; lastKnownFileType = image.jpeg; path = flower.jpeg; sourceTree = "<group>"; };
		8A833746164AA40700824C40 /* rose.jpeg */ = {isa = PBXFileReference; lastKnownFileType = image.jpeg; path = rose.jpeg; sourceTree = "<group>"; };
		8AB07B48167F21BD00095A21 /* QuartzCore.framework */ = {isa = PBXFileReference; lastKnownFileType = wrapper.framework; name = QuartzCore.framework; path = System/Library/Frameworks/QuartzCore.framework; sourceTree = SDKROOT; };
		8AB07B50167F463200095A21 /* icon.png */ = {isa = PBXFileReference; lastKnownFileType = image.png; path = icon.png; sourceTree = "<group>"; };
		8AFD708D16673F7E0061EC20 /* Images.plist */ = {isa = PBXFileReference; fileEncoding = 4; lastKnownFileType = text.plist.xml; path = Images.plist; sourceTree = "<group>"; };
		9A3A51A416561A1000EDA600 /* help.jpeg */ = {isa = PBXFileReference; lastKnownFileType = image.jpeg; path = help.jpeg; sourceTree = "<group>"; };
		9A3A51AA1656229100EDA600 /* CustomBadge.h */ = {isa = PBXFileReference; lastKnownFileType = sourcecode.c.h; path = CustomBadge.h; sourceTree = "<group>"; };
		9A3A51AB1656229100EDA600 /* CustomBadge.m */ = {isa = PBXFileReference; lastKnownFileType = sourcecode.c.objc; path = CustomBadge.m; sourceTree = "<group>"; };
		9A3A51AF1656290B00EDA600 /* HSViewController.xib */ = {isa = PBXFileReference; fileEncoding = 4; lastKnownFileType = file.xib; path = HSViewController.xib; sourceTree = "<group>"; };
/* End PBXFileReference section */

/* Begin PBXFrameworksBuildPhase section */
		8A833717164AA3D500824C40 /* Frameworks */ = {
			isa = PBXFrameworksBuildPhase;
			buildActionMask = 2147483647;
			files = (
				8A83371F164AA3D500824C40 /* UIKit.framework in Frameworks */,
				8A833721164AA3D500824C40 /* Foundation.framework in Frameworks */,
				8AB07B4B167F21C600095A21 /* QuartzCore.framework in Frameworks */,
				8A833723164AA3D500824C40 /* CoreGraphics.framework in Frameworks */,
			);
			runOnlyForDeploymentPostprocessing = 0;
		};
/* End PBXFrameworksBuildPhase section */

/* Begin PBXGroup section */
		8A053F0D168869D900664D01 /* Products */ = {
			isa = PBXGroup;
			children = (
				8A053F16168869DA00664D01 /* libeSpeak.a */,
				8A053F18168869DA00664D01 /* TestApp.app */,
			);
			name = Products;
			sourceTree = "<group>";
		};
		8A2441BC166763E100A25B9F /* Screen2 */ = {
			isa = PBXGroup;
			children = (
				8A2B8290169443F900146CB0 /* shoe1.jpeg */,
				8A2B828A1694438400146CB0 /* rat1.jpeg */,
				8A2B8284169442B400146CB0 /* key1.jpeg */,
				8A2B827E169441E400146CB0 /* eye1.jpeg */,
				8A2B82781694414600146CB0 /* cat1.jpeg */,
				8A2B82721694402A00146CB0 /* bulb1.jpeg */,
				8A2B826C16943EB800146CB0 /* banana1.jpeg */,
				8A2B826616943E1900146CB0 /* apple1.jpeg */,
				8A2441BD1667647100A25B9F /* newspaper1.jpeg */,
				8A2441BF1667648400A25B9F /* pen1.jpeg */,
				8A2441C11667649000A25B9F /* pencil1.jpeg */,
				8A2441C3166764A000A25B9F /* hat1.jpeg */,
				8A2441C5166764AF00A25B9F /* pad1.jpeg */,
				8A2441C7166764C800A25B9F /* cal1.jpeg */,
				8A2441C9166764D500A25B9F /* mobile1.jpeg */,
				8A2441CB166764E200A25B9F /* bag1.jpeg */,
				8A2441CD166764EF00A25B9F /* candle1.jpeg */,
				8A2441CF166764FE00A25B9F /* flower1.jpeg */,
				8A2441D11667650800A25B9F /* rose1.jpeg */,
				8A2441D31667651600A25B9F /* bottle1.jpeg */,
				8A2441D51667651D00A25B9F /* ball1.jpeg */,
			);
			path = Screen2;
			sourceTree = "<group>";
		};
		8A2441D7166766BD00A25B9F /* Screen3 */ = {
			isa = PBXGroup;
			children = (
				8A2B82921694441400146CB0 /* shoe2.jpeg */,
				8A2B828C1694438B00146CB0 /* rat2.jpeg */,
				8A2B8286169442F000146CB0 /* key2.jpeg */,
				8A2B82801694420700146CB0 /* eye2.jpeg */,
				8A2B827A1694415800146CB0 /* cat2.jpeg */,
				8A2B82741694404E00146CB0 /* bulb2.jpeg */,
				8A2B826E16943EC300146CB0 /* banana2.jpeg */,
				8A2B826816943E2700146CB0 /* apple2.jpeg */,
				8A2441D81667675600A25B9F /* newspaper2.jpeg */,
				8A2441DA1667677100A25B9F /* pen2.jpeg */,
				8A2441DC1667677C00A25B9F /* pencil2.jpeg */,
				8A2441DE1667679100A25B9F /* hat2.jpeg */,
				8A2441E0166767A500A25B9F /* pad2.jpeg */,
				8A2441E4166767D300A25B9F /* cal2.jpeg */,
				8A2441E6166767DB00A25B9F /* mobile2.jpeg */,
				8A2441E8166767E900A25B9F /* bag2.jpeg */,
				8A2441EA166767F300A25B9F /* candle2.jpeg */,
				8A2441EC166767FE00A25B9F /* rose2.jpeg */,
				8A2441EE1667680E00A25B9F /* flower2.jpeg */,
				8A2441F01667681C00A25B9F /* bottle2.jpeg */,
				8A2441F21667682400A25B9F /* ball2.jpeg */,
			);
			path = Screen3;
			sourceTree = "<group>";
		};
		8A83370F164AA3D400824C40 = {
			isa = PBXGroup;
			children = (
				9A3A51AD165627B000EDA600 /* External */,
				8A833724164AA3D500824C40 /* Explore */,
				8A83371D164AA3D500824C40 /* Frameworks */,
				8A83371B164AA3D500824C40 /* Products */,
			);
			sourceTree = "<group>";
		};
		8A83371B164AA3D500824C40 /* Products */ = {
			isa = PBXGroup;
			children = (
				8A83371A164AA3D500824C40 /* Explore.app */,
			);
			name = Products;
			sourceTree = "<group>";
		};
		8A83371D164AA3D500824C40 /* Frameworks */ = {
			isa = PBXGroup;
			children = (
				8AB07B48167F21BD00095A21 /* QuartzCore.framework */,
				8A83371E164AA3D500824C40 /* UIKit.framework */,
				8A833720164AA3D500824C40 /* Foundation.framework */,
				8A833722164AA3D500824C40 /* CoreGraphics.framework */,
			);
			name = Frameworks;
			sourceTree = "<group>";
		};
		8A833724164AA3D500824C40 /* Explore */ = {
			isa = PBXGroup;
			children = (
				8A380EAB167602FA00262EB0 /* HSSingletonClass.h */,
				8A380EAC167602FA00262EB0 /* HSSingletonClass.m */,
				8A83372D164AA3D500824C40 /* HSAppDelegate.h */,
				8A83372E164AA3D500824C40 /* HSAppDelegate.m */,
				9A3A51AE1656286200EDA600 /* ViewControllers */,
				9A3A51B116562A1800EDA600 /* Resources  */,
				8A833725164AA3D500824C40 /* Supporting Files */,
			);
			path = Explore;
			sourceTree = "<group>";
		};
		8A833725164AA3D500824C40 /* Supporting Files */ = {
			isa = PBXGroup;
			children = (
				8A053F1A16886AA200664D01 /* espeak-data */,
				8A833726164AA3D500824C40 /* Explore-Info.plist */,
				8A833727164AA3D500824C40 /* InfoPlist.strings */,
				8A83372A164AA3D500824C40 /* main.m */,
				8A83372C164AA3D500824C40 /* Explore-Prefix.pch */,
				8AFD708D16673F7E0061EC20 /* Images.plist */,
			);
			name = "Supporting Files";
			sourceTree = "<group>";
		};
		8AFD70941667612A0061EC20 /* Screen1 */ = {
			isa = PBXGroup;
			children = (
				8A2B828E169443F200146CB0 /* shoe.jpeg */,
				8A2B82881694437C00146CB0 /* rat.jpeg */,
				8A2B8282169442AC00146CB0 /* key.jpeg */,
				8A2B827C169441D900146CB0 /* eye.jpeg */,
				8A2B82761694410D00146CB0 /* cat.jpeg */,
				8A2B82701694400500146CB0 /* bulb.jpeg */,
				8A2B826A16943EB100146CB0 /* banana.jpeg */,
				8A2B826416943E0400146CB0 /* apple.jpeg */,
				8A833744164AA40700824C40 /* ball.jpeg */,
				8A833745164AA40700824C40 /* flower.jpeg */,
				8A833746164AA40700824C40 /* rose.jpeg */,
				8A03743C165A038700CE2526 /* pad.jpeg */,
				8A03743D165A038700CE2526 /* hat.jpeg */,
				8A03743E165A038700CE2526 /* pencil.jpeg */,
				8A03743F165A038700CE2526 /* pen.jpeg */,
				8A037440165A038700CE2526 /* newspaper.jpeg */,
				8A037441165A038700CE2526 /* cal.jpeg */,
				8A037442165A038700CE2526 /* bag.jpeg */,
				8A037443165A038700CE2526 /* mobile.jpeg */,
				8A03743A165A023600CE2526 /* bottle.jpeg */,
				8A037437165A023000CE2526 /* candle.jpeg */,
			);
			path = Screen1;
			sourceTree = "<group>";
		};
		9A3A51AD165627B000EDA600 /* External */ = {
			isa = PBXGroup;
			children = (
				9A3A51AA1656229100EDA600 /* CustomBadge.h */,
				9A3A51AB1656229100EDA600 /* CustomBadge.m */,
				8A053F0C168869D900664D01 /* eSpeak.xcodeproj */,
			);
			path = External;
			sourceTree = "<group>";
		};
		9A3A51AE1656286200EDA600 /* ViewControllers */ = {
			isa = PBXGroup;
			children = (
				8A833735164AA3F600824C40 /* HSViewController.h */,
				8A833736164AA3F600824C40 /* HSViewController.m */,
				9A3A51AF1656290B00EDA600 /* HSViewController.xib */,
				8A833738164AA3F600824C40 /* DirectStoryViewController.h */,
				8A833739164AA3F600824C40 /* DirectStoryViewController.m */,
			);
			path = ViewControllers;
			sourceTree = "<group>";
		};
		9A3A51B116562A1800EDA600 /* Resources  */ = {
			isa = PBXGroup;
			children = (
				8AFD70941667612A0061EC20 /* Screen1 */,
				8A2441BC166763E100A25B9F /* Screen2 */,
				8A2441D7166766BD00A25B9F /* Screen3 */,
				9A3A51A416561A1000EDA600 /* help.jpeg */,
				8A2441F416676B1800A25B9F /* qmark.jpeg */,
				8A2E58B11650F1F80066BB75 /* namesLabel.jpg */,
				8A83373D164AA40700824C40 /* dining.jpeg */,
				8A83373E164AA40700824C40 /* Vishnu.jpg */,
				8A83373F164AA40700824C40 /* god.jpg */,
				8A833740164AA40700824C40 /* amma.jpg */,
				8A833741164AA40700824C40 /* large-frame.png */,
				8A833743164AA40700824C40 /* Sairam.jpg */,
				8A271D331680AF7B00DFD475 /* default.png */,
				8AB07B50167F463200095A21 /* icon.png */,
			);
			name = "Resources ";
			path = Resources;
			sourceTree = "<group>";
		};
/* End PBXGroup section */

/* Begin PBXNativeTarget section */
		8A833719164AA3D500824C40 /* Explore */ = {
			isa = PBXNativeTarget;
			buildConfigurationList = 8A833732164AA3D500824C40 /* Build configuration list for PBXNativeTarget "Explore" */;
			buildPhases = (
				8A833716164AA3D500824C40 /* Sources */,
				8A833717164AA3D500824C40 /* Frameworks */,
				8A833718164AA3D500824C40 /* Resources */,
			);
			buildRules = (
			);
			dependencies = (
			);
			name = Explore;
			productName = Explore;
			productReference = 8A83371A164AA3D500824C40 /* Explore.app */;
			productType = "com.apple.product-type.application";
		};
/* End PBXNativeTarget section */

/* Begin PBXProject section */
		8A833711164AA3D500824C40 /* Project object */ = {
			isa = PBXProject;
			attributes = {
				LastUpgradeCheck = 0420;
			};
			buildConfigurationList = 8A833714164AA3D500824C40 /* Build configuration list for PBXProject "Explore" */;
			compatibilityVersion = "Xcode 3.2";
			developmentRegion = English;
			hasScannedForEncodings = 0;
			knownRegions = (
				en,
			);
			mainGroup = 8A83370F164AA3D400824C40;
			productRefGroup = 8A83371B164AA3D500824C40 /* Products */;
			projectDirPath = "";
			projectReferences = (
				{
					ProductGroup = 8A053F0D168869D900664D01 /* Products */;
					ProjectRef = 8A053F0C168869D900664D01 /* eSpeak.xcodeproj */;
				},
			);
			projectRoot = "";
			targets = (
				8A833719164AA3D500824C40 /* Explore */,
			);
		};
/* End PBXProject section */

/* Begin PBXReferenceProxy section */
		8A053F16168869DA00664D01 /* libeSpeak.a */ = {
			isa = PBXReferenceProxy;
			fileType = archive.ar;
			path = libeSpeak.a;
			remoteRef = 8A053F15168869DA00664D01 /* PBXContainerItemProxy */;
			sourceTree = BUILT_PRODUCTS_DIR;
		};
		8A053F18168869DA00664D01 /* TestApp.app */ = {
			isa = PBXReferenceProxy;
			fileType = wrapper.application;
			path = TestApp.app;
			remoteRef = 8A053F17168869DA00664D01 /* PBXContainerItemProxy */;
			sourceTree = BUILT_PRODUCTS_DIR;
		};
/* End PBXReferenceProxy section */

/* Begin PBXResourcesBuildPhase section */
		8A833718164AA3D500824C40 /* Resources */ = {
			isa = PBXResourcesBuildPhase;
			buildActionMask = 2147483647;
			files = (
				8A833729164AA3D500824C40 /* InfoPlist.strings in Resources */,
				8A833747164AA40700824C40 /* dining.jpeg in Resources */,
				8A833748164AA40700824C40 /* Vishnu.jpg in Resources */,
				8A833749164AA40700824C40 /* god.jpg in Resources */,
				8A83374A164AA40700824C40 /* amma.jpg in Resources */,
				8A83374B164AA40700824C40 /* large-frame.png in Resources */,
				8A83374D164AA40700824C40 /* Sairam.jpg in Resources */,
				8A83374E164AA40700824C40 /* ball.jpeg in Resources */,
				8A83374F164AA40700824C40 /* flower.jpeg in Resources */,
				8A833750164AA40700824C40 /* rose.jpeg in Resources */,
				8A2E58B21650F1F80066BB75 /* namesLabel.jpg in Resources */,
				9A3A51A516561A1000EDA600 /* help.jpeg in Resources */,
				9A3A51B01656290B00EDA600 /* HSViewController.xib in Resources */,
				8A037438165A023000CE2526 /* candle.jpeg in Resources */,
				8A03743B165A023600CE2526 /* bottle.jpeg in Resources */,
				8A037444165A038700CE2526 /* pad.jpeg in Resources */,
				8A037445165A038700CE2526 /* hat.jpeg in Resources */,
				8A037446165A038700CE2526 /* pencil.jpeg in Resources */,
				8A037447165A038700CE2526 /* pen.jpeg in Resources */,
				8A037448165A038700CE2526 /* newspaper.jpeg in Resources */,
				8A037449165A038700CE2526 /* cal.jpeg in Resources */,
				8A03744A165A038700CE2526 /* bag.jpeg in Resources */,
				8A03744B165A038700CE2526 /* mobile.jpeg in Resources */,
				8AFD708E16673F7E0061EC20 /* Images.plist in Resources */,
				8A2441BE1667647100A25B9F /* newspaper1.jpeg in Resources */,
				8A2441C01667648400A25B9F /* pen1.jpeg in Resources */,
				8A2441C21667649000A25B9F /* pencil1.jpeg in Resources */,
				8A2441C4166764A000A25B9F /* hat1.jpeg in Resources */,
				8A2441C6166764AF00A25B9F /* pad1.jpeg in Resources */,
				8A2441C8166764C800A25B9F /* cal1.jpeg in Resources */,
				8A2441CA166764D500A25B9F /* mobile1.jpeg in Resources */,
				8A2441CC166764E200A25B9F /* bag1.jpeg in Resources */,
				8A2441CE166764EF00A25B9F /* candle1.jpeg in Resources */,
				8A2441D0166764FE00A25B9F /* flower1.jpeg in Resources */,
				8A2441D21667650800A25B9F /* rose1.jpeg in Resources */,
				8A2441D41667651600A25B9F /* bottle1.jpeg in Resources */,
				8A2441D61667651D00A25B9F /* ball1.jpeg in Resources */,
				8A2441D91667675600A25B9F /* newspaper2.jpeg in Resources */,
				8A2441DB1667677100A25B9F /* pen2.jpeg in Resources */,
				8A2441DD1667677D00A25B9F /* pencil2.jpeg in Resources */,
				8A2441DF1667679100A25B9F /* hat2.jpeg in Resources */,
				8A2441E1166767A500A25B9F /* pad2.jpeg in Resources */,
				8A2441E5166767D300A25B9F /* cal2.jpeg in Resources */,
				8A2441E7166767DB00A25B9F /* mobile2.jpeg in Resources */,
				8A2441E9166767E900A25B9F /* bag2.jpeg in Resources */,
				8A2441EB166767F300A25B9F /* candle2.jpeg in Resources */,
				8A2441ED166767FE00A25B9F /* rose2.jpeg in Resources */,
				8A2441EF1667680E00A25B9F /* flower2.jpeg in Resources */,
				8A2441F11667681C00A25B9F /* bottle2.jpeg in Resources */,
				8A2441F31667682400A25B9F /* ball2.jpeg in Resources */,
				8A2441F516676B1A00A25B9F /* qmark.jpeg in Resources */,
				8AB07B51167F463200095A21 /* icon.png in Resources */,
				8A271D341680AF7B00DFD475 /* default.png in Resources */,
				8A053F1B16886AA200664D01 /* espeak-data in Resources */,
				8A2B826516943E0400146CB0 /* apple.jpeg in Resources */,
				8A2B826716943E1900146CB0 /* apple1.jpeg in Resources */,
				8A2B826916943E2700146CB0 /* apple2.jpeg in Resources */,
				8A2B826B16943EB100146CB0 /* banana.jpeg in Resources */,
				8A2B826D16943EB800146CB0 /* banana1.jpeg in Resources */,
				8A2B826F16943EC300146CB0 /* banana2.jpeg in Resources */,
				8A2B82711694400500146CB0 /* bulb.jpeg in Resources */,
				8A2B82731694402A00146CB0 /* bulb1.jpeg in Resources */,
				8A2B82751694404E00146CB0 /* bulb2.jpeg in Resources */,
				8A2B82771694410D00146CB0 /* cat.jpeg in Resources */,
				8A2B82791694414600146CB0 /* cat1.jpeg in Resources */,
				8A2B827B1694415800146CB0 /* cat2.jpeg in Resources */,
				8A2B827D169441D900146CB0 /* eye.jpeg in Resources */,
				8A2B827F169441E400146CB0 /* eye1.jpeg in Resources */,
				8A2B82811694420700146CB0 /* eye2.jpeg in Resources */,
				8A2B8283169442AC00146CB0 /* key.jpeg in Resources */,
				8A2B8285169442B400146CB0 /* key1.jpeg in Resources */,
				8A2B8287169442F000146CB0 /* key2.jpeg in Resources */,
				8A2B82891694437C00146CB0 /* rat.jpeg in Resources */,
				8A2B828B1694438400146CB0 /* rat1.jpeg in Resources */,
				8A2B828D1694438B00146CB0 /* rat2.jpeg in Resources */,
				8A2B828F169443F200146CB0 /* shoe.jpeg in Resources */,
				8A2B8291169443F900146CB0 /* shoe1.jpeg in Resources */,
				8A2B82931694441400146CB0 /* shoe2.jpeg in Resources */,
			);
			runOnlyForDeploymentPostprocessing = 0;
		};
/* End PBXResourcesBuildPhase section */

/* Begin PBXSourcesBuildPhase section */
		8A833716164AA3D500824C40 /* Sources */ = {
			isa = PBXSourcesBuildPhase;
			buildActionMask = 2147483647;
			files = (
				9A3A51AC1656253600EDA600 /* CustomBadge.m in Sources */,
				8A83372B164AA3D500824C40 /* main.m in Sources */,
				8A83372F164AA3D500824C40 /* HSAppDelegate.m in Sources */,
				8A83373A164AA3F600824C40 /* HSViewController.m in Sources */,
				8A83373C164AA3F600824C40 /* DirectStoryViewController.m in Sources */,
				8A380EAD167602FA00262EB0 /* HSSingletonClass.m in Sources */,
			);
			runOnlyForDeploymentPostprocessing = 0;
		};
/* End PBXSourcesBuildPhase section */

/* Begin PBXVariantGroup section */
		8A833727164AA3D500824C40 /* InfoPlist.strings */ = {
			isa = PBXVariantGroup;
			children = (
				8A833728164AA3D500824C40 /* en */,
			);
			name = InfoPlist.strings;
			sourceTree = "<group>";
		};
/* End PBXVariantGroup section */

/* Begin XCBuildConfiguration section */
		8A833730164AA3D500824C40 /* Debug */ = {
			isa = XCBuildConfiguration;
			buildSettings = {
				ALWAYS_SEARCH_USER_PATHS = NO;
				ARCHS = "$(ARCHS_STANDARD_32_BIT)";
				CODE_SIGN_IDENTITY = "iPhone Developer: Prakash Dantuluri (ZAH86A92JL)";
				"CODE_SIGN_IDENTITY[sdk=iphoneos*]" = "iPhone Developer: Prakash Dantuluri (ZAH86A92JL)";
				COPY_PHASE_STRIP = NO;
				GCC_C_LANGUAGE_STANDARD = gnu99;
				GCC_DYNAMIC_NO_PIC = NO;
				GCC_OPTIMIZATION_LEVEL = 0;
				GCC_PREPROCESSOR_DEFINITIONS = (
					"DEBUG=1",
					"$(inherited)",
				);
				GCC_SYMBOLS_PRIVATE_EXTERN = NO;
				GCC_VERSION = com.apple.compilers.llvm.clang.1_0;
				GCC_WARN_ABOUT_MISSING_PROTOTYPES = YES;
				GCC_WARN_ABOUT_RETURN_TYPE = YES;
				GCC_WARN_UNUSED_VARIABLE = YES;
				IPHONEOS_DEPLOYMENT_TARGET = 5.0;
				PROVISIONING_PROFILE = "BE05AA49-5EE7-460B-8EA4-2CDDAB9B6F6E";
				"PROVISIONING_PROFILE[sdk=iphoneos*]" = "BE05AA49-5EE7-460B-8EA4-2CDDAB9B6F6E";
				SDKROOT = iphoneos;
			};
			name = Debug;
		};
		8A833731164AA3D500824C40 /* Release */ = {
			isa = XCBuildConfiguration;
			buildSettings = {
				ALWAYS_SEARCH_USER_PATHS = NO;
				ARCHS = "$(ARCHS_STANDARD_32_BIT)";
				CODE_SIGN_IDENTITY = "iPhone Developer: Prakash Dantuluri (ZAH86A92JL)";
				"CODE_SIGN_IDENTITY[sdk=iphoneos*]" = "iPhone Developer: Prakash Dantuluri (ZAH86A92JL)";
				COPY_PHASE_STRIP = YES;
				GCC_C_LANGUAGE_STANDARD = gnu99;
				GCC_VERSION = com.apple.compilers.llvm.clang.1_0;
				GCC_WARN_ABOUT_MISSING_PROTOTYPES = YES;
				GCC_WARN_ABOUT_RETURN_TYPE = YES;
				GCC_WARN_UNUSED_VARIABLE = YES;
				IPHONEOS_DEPLOYMENT_TARGET = 5.0;
				OTHER_CFLAGS = "-DNS_BLOCK_ASSERTIONS=1";
				PROVISIONING_PROFILE = "BE05AA49-5EE7-460B-8EA4-2CDDAB9B6F6E";
				"PROVISIONING_PROFILE[sdk=iphoneos*]" = "BE05AA49-5EE7-460B-8EA4-2CDDAB9B6F6E";
				SDKROOT = iphoneos;
				VALIDATE_PRODUCT = YES;
			};
			name = Release;
		};
		8A833733164AA3D500824C40 /* Debug */ = {
			isa = XCBuildConfiguration;
			buildSettings = {
				GCC_PRECOMPILE_PREFIX_HEADER = YES;
				GCC_PREFIX_HEADER = "Explore/Explore-Prefix.pch";
				INFOPLIST_FILE = "Explore/Explore-Info.plist";
				IPHONEOS_DEPLOYMENT_TARGET = 4.3;
				PRODUCT_NAME = "$(TARGET_NAME)";
				WRAPPER_EXTENSION = app;
			};
			name = Debug;
		};
		8A833734164AA3D500824C40 /* Release */ = {
			isa = XCBuildConfiguration;
			buildSettings = {
				GCC_PRECOMPILE_PREFIX_HEADER = YES;
				GCC_PREFIX_HEADER = "Explore/Explore-Prefix.pch";
				INFOPLIST_FILE = "Explore/Explore-Info.plist";
				IPHONEOS_DEPLOYMENT_TARGET = 4.3;
				PRODUCT_NAME = "$(TARGET_NAME)";
				WRAPPER_EXTENSION = app;
			};
			name = Release;
		};
/* End XCBuildConfiguration section */

/* Begin XCConfigurationList section */
		8A833714164AA3D500824C40 /* Build configuration list for PBXProject "Explore" */ = {
			isa = XCConfigurationList;
			buildConfigurations = (
				8A833730164AA3D500824C40 /* Debug */,
				8A833731164AA3D500824C40 /* Release */,
			);
			defaultConfigurationIsVisible = 0;
			defaultConfigurationName = Release;
		};
		8A833732164AA3D500824C40 /* Build configuration list for PBXNativeTarget "Explore" */ = {
			isa = XCConfigurationList;
			buildConfigurations = (
				8A833733164AA3D500824C40 /* Debug */,
				8A833734164AA3D500824C40 /* Release */,
			);
			defaultConfigurationIsVisible = 0;
			defaultConfigurationName = Release;
		};
/* End XCConfigurationList section */
	};
	rootObject = 8A833711164AA3D500824C40 /* Project object */;
}
